
Microsoft Visual Studio Solution File, Format Version 12.00
# Visual Studio Version 16
VisualStudioVersion = 16.0.30907.101
MinimumVisualStudioVersion = 10.0.40219.1
Project("{9A19103F-16F7-4668-BE54-9A1E7A4F7556}") = "Business", "Business\Business.csproj", "{595F5632-A291-48CD-91F9-25B07F2B5942}"
EndProject
Project("{9A19103F-16F7-4668-BE54-9A1E7A4F7556}") = "DataAccess", "DataAccess\DataAccess.csproj", "{28C6F8F5-BF6E-45FA-9344-CCEDBC238108}"
EndProject
Project("{9A19103F-16F7-4668-BE54-9A1E7A4F7556}") = "Entities", "Entities\Entities.csproj", "{32E5AB11-5EF4-4ED7-B698-FFE9BE183FD5}"
EndProject
Project("{9A19103F-16F7-4668-BE54-9A1E7A4F7556}") = "Core", "Core\Core.csproj", "{CBD83007-F96C-4F34-9BCE-77B3E25C3F5B}"
EndProject
Project("{FAE04EC0-301F-11D3-BF4B-00C04F79EFBC}") = "ConsoleUI", "ConsoleUI\ConsoleUI.csproj", "{9F5578C2-F206-4651-B204-986F53F0E9BC}"
EndProject
Global
	GlobalSection(SolutionConfigurationPlatforms) = preSolution
		Debug|Any CPU = Debug|Any CPU
		Release|Any CPU = Release|Any CPU
	EndGlobalSection
	GlobalSection(ProjectConfigurationPlatforms) = postSolution
		{595F5632-A291-48CD-91F9-25B07F2B5942}.Debug|Any CPU.ActiveCfg = Debug|Any CPU
		{595F5632-A291-48CD-91F9-25B07F2B5942}.Debug|Any CPU.Build.0 = Debug|Any CPU
		{595F5632-A291-48CD-91F9-25B07F2B5942}.Release|Any CPU.ActiveCfg = Release|Any CPU
		{595F5632-A291-48CD-91F9-25B07F2B5942}.Release|Any CPU.Build.0 = Release|Any CPU
		{28C6F8F5-BF6E-45FA-9344-CCEDBC238108}.Debug|Any CPU.ActiveCfg = Debug|Any CPU
		{28C6F8F5-BF6E-45FA-9344-CCEDBC238108}.Debug|Any CPU.Build.0 = Debug|Any CPU
		{28C6F8F5-BF6E-45FA-9344-CCEDBC238108}.Release|Any CPU.ActiveCfg = Release|Any CPU
		{28C6F8F5-BF6E-45FA-9344-CCEDBC238108}.Release|Any CPU.Build.0 = Release|Any CPU
		{32E5AB11-5EF4-4ED7-B698-FFE9BE183FD5}.Debug|Any CPU.ActiveCfg = Debug|Any CPU
		{32E5AB11-5EF4-4ED7-B698-FFE9BE183FD5}.Debug|Any CPU.Build.0 = Debug|Any CPU
		{32E5AB11-5EF4-4ED7-B698-FFE9BE183FD5}.Release|Any CPU.ActiveCfg = Release|Any CPU
		{32E5AB11-5EF4-4ED7-B698-FFE9BE183FD5}.Release|Any CPU.Build.0 = Release|Any CPU
		{CBD83007-F96C-4F34-9BCE-77B3E25C3F5B}.Debug|Any CPU.ActiveCfg = Debug|Any CPU
		{CBD83007-F96C-4F34-9BCE-77B3E25C3F5B}.Debug|Any CPU.Build.0 = Debug|Any CPU
		{CBD83007-F96C-4F34-9BCE-77B3E25C3F5B}.Release|Any CPU.ActiveCfg = Release|Any CPU
		{CBD83007-F96C-4F34-9BCE-77B3E25C3F5B}.Release|Any CPU.Build.0 = Release|Any CPU
		{9F5578C2-F206-4651-B204-986F53F0E9BC}.Debug|Any CPU.ActiveCfg = Debug|Any CPU
		{9F5578C2-F206-4651-B204-986F53F0E9BC}.Debug|Any CPU.Build.0 = Debug|Any CPU
		{9F5578C2-F206-4651-B204-986F53F0E9BC}.Release|Any CPU.ActiveCfg = Release|Any CPU
		{9F5578C2-F206-4651-B204-986F53F0E9BC}.Release|Any CPU.Build.0 = Release|Any CPU
	EndGlobalSection
	GlobalSection(SolutionProperties) = preSolution
		HideSolutionNode = FALSE
	EndGlobalSection
	GlobalSection(ExtensibilityGlobals) = postSolution
		SolutionGuid = {A572D938-84AA-4086-B9B6-5E11FF9B4739}
	EndGlobalSection
EndGlobal
